
Microsoft Visual Studio Solution File, Format Version 12.00
# Visual Studio 15
VisualStudioVersion = 15.0.28010.2026
MinimumVisualStudioVersion = 10.0.40219.1
Project("{FAE04EC0-301F-11D3-BF4B-00C04F79EFBC}") = "FootballBetting", "FootballBetting\FootballBetting.csproj", "{17A5D5EB-9A1F-4FAD-841C-A397B348E4A2}"
EndProject
Project("{FAE04EC0-301F-11D3-BF4B-00C04F79EFBC}") = "FootballBetting.Data", "FootballBetting.Data\FootballBetting.Data.csproj", "{86DFE317-FCF9-4C4C-A6BB-B94C8AB8F42E}"
EndProject
Project("{FAE04EC0-301F-11D3-BF4B-00C04F79EFBC}") = "FootballBetting.Data.Models", "FootballBetting.Data.Models\FootballBetting.Data.Models.csproj", "{5D905C6D-1EE0-4CB4-9340-9DEA9346E3CD}"
EndProject
Global
	GlobalSection(SolutionConfigurationPlatforms) = preSolution
		Debug|Any CPU = Debug|Any CPU
		Release|Any CPU = Release|Any CPU
	EndGlobalSection
	GlobalSection(ProjectConfigurationPlatforms) = postSolution
		{17A5D5EB-9A1F-4FAD-841C-A397B348E4A2}.Debug|Any CPU.ActiveCfg = Debug|Any CPU
		{17A5D5EB-9A1F-4FAD-841C-A397B348E4A2}.Debug|Any CPU.Build.0 = Debug|Any CPU
		{17A5D5EB-9A1F-4FAD-841C-A397B348E4A2}.Release|Any CPU.ActiveCfg = Release|Any CPU
		{17A5D5EB-9A1F-4FAD-841C-A397B348E4A2}.Release|Any CPU.Build.0 = Release|Any CPU
		{86DFE317-FCF9-4C4C-A6BB-B94C8AB8F42E}.Debug|Any CPU.ActiveCfg = Debug|Any CPU
		{86DFE317-FCF9-4C4C-A6BB-B94C8AB8F42E}.Debug|Any CPU.Build.0 = Debug|Any CPU
		{86DFE317-FCF9-4C4C-A6BB-B94C8AB8F42E}.Release|Any CPU.ActiveCfg = Release|Any CPU
		{86DFE317-FCF9-4C4C-A6BB-B94C8AB8F42E}.Release|Any CPU.Build.0 = Release|Any CPU
		{5D905C6D-1EE0-4CB4-9340-9DEA9346E3CD}.Debug|Any CPU.ActiveCfg = Debug|Any CPU
		{5D905C6D-1EE0-4CB4-9340-9DEA9346E3CD}.Debug|Any CPU.Build.0 = Debug|Any CPU
		{5D905C6D-1EE0-4CB4-9340-9DEA9346E3CD}.Release|Any CPU.ActiveCfg = Release|Any CPU
		{5D905C6D-1EE0-4CB4-9340-9DEA9346E3CD}.Release|Any CPU.Build.0 = Release|Any CPU
	EndGlobalSection
	GlobalSection(SolutionProperties) = preSolution
		HideSolutionNode = FALSE
	EndGlobalSection
	GlobalSection(ExtensibilityGlobals) = postSolution
		SolutionGuid = {ABDE1CCB-52CC-45A5-B13C-444A83310A92}
	EndGlobalSection
EndGlobal
