
Microsoft Visual Studio Solution File, Format Version 12.00
# Visual Studio 15
VisualStudioVersion = 15.0.28010.2026
MinimumVisualStudioVersion = 10.0.40219.1
Project("{FAE04EC0-301F-11D3-BF4B-00C04F79EFBC}") = "SalesDatabase", "SalesDatabase\SalesDatabase.csproj", "{D2E88034-89E1-4F86-AB62-04CF2EE507A8}"
EndProject
Project("{FAE04EC0-301F-11D3-BF4B-00C04F79EFBC}") = "SalesDatabase.Data", "SalesDatabase.Data\SalesDatabase.Data.csproj", "{48134EA4-31D4-4EFB-9D5C-8330DAD2E334}"
EndProject
Project("{FAE04EC0-301F-11D3-BF4B-00C04F79EFBC}") = "SalesDatabase.Data.Models", "SalesDatabase.Data.Models\SalesDatabase.Data.Models.csproj", "{EA30A750-F6F4-4412-8298-597F185383EC}"
EndProject
Global
	GlobalSection(SolutionConfigurationPlatforms) = preSolution
		Debug|Any CPU = Debug|Any CPU
		Release|Any CPU = Release|Any CPU
	EndGlobalSection
	GlobalSection(ProjectConfigurationPlatforms) = postSolution
		{D2E88034-89E1-4F86-AB62-04CF2EE507A8}.Debug|Any CPU.ActiveCfg = Debug|Any CPU
		{D2E88034-89E1-4F86-AB62-04CF2EE507A8}.Debug|Any CPU.Build.0 = Debug|Any CPU
		{D2E88034-89E1-4F86-AB62-04CF2EE507A8}.Release|Any CPU.ActiveCfg = Release|Any CPU
		{D2E88034-89E1-4F86-AB62-04CF2EE507A8}.Release|Any CPU.Build.0 = Release|Any CPU
		{48134EA4-31D4-4EFB-9D5C-8330DAD2E334}.Debug|Any CPU.ActiveCfg = Debug|Any CPU
		{48134EA4-31D4-4EFB-9D5C-8330DAD2E334}.Debug|Any CPU.Build.0 = Debug|Any CPU
		{48134EA4-31D4-4EFB-9D5C-8330DAD2E334}.Release|Any CPU.ActiveCfg = Release|Any CPU
		{48134EA4-31D4-4EFB-9D5C-8330DAD2E334}.Release|Any CPU.Build.0 = Release|Any CPU
		{EA30A750-F6F4-4412-8298-597F185383EC}.Debug|Any CPU.ActiveCfg = Debug|Any CPU
		{EA30A750-F6F4-4412-8298-597F185383EC}.Debug|Any CPU.Build.0 = Debug|Any CPU
		{EA30A750-F6F4-4412-8298-597F185383EC}.Release|Any CPU.ActiveCfg = Release|Any CPU
		{EA30A750-F6F4-4412-8298-597F185383EC}.Release|Any CPU.Build.0 = Release|Any CPU
	EndGlobalSection
	GlobalSection(SolutionProperties) = preSolution
		HideSolutionNode = FALSE
	EndGlobalSection
	GlobalSection(ExtensibilityGlobals) = postSolution
		SolutionGuid = {2166C710-B731-471B-BFEE-EED496022BCB}
	EndGlobalSection
EndGlobal
