
Microsoft Visual Studio Solution File, Format Version 12.00
# Visual Studio 15
VisualStudioVersion = 15.0.28010.2026
MinimumVisualStudioVersion = 10.0.40219.1
Project("{FAE04EC0-301F-11D3-BF4B-00C04F79EFBC}") = "ProductsShop.App", "ProductsShop.App\ProductsShop.App.csproj", "{1F3078E6-4E5B-47CD-9762-A1CB1B005351}"
EndProject
Project("{FAE04EC0-301F-11D3-BF4B-00C04F79EFBC}") = "ProductsShop.Data", "ProductsShop.Data\ProductsShop.Data.csproj", "{7E45EB6C-CD66-43E8-A15E-92E518BE2167}"
EndProject
Project("{FAE04EC0-301F-11D3-BF4B-00C04F79EFBC}") = "ProductsShop.Models", "ProductsShop.Models\ProductsShop.Models.csproj", "{C15DE376-E530-451A-BEEA-5AF79619BC45}"
EndProject
Global
	GlobalSection(SolutionConfigurationPlatforms) = preSolution
		Debug|Any CPU = Debug|Any CPU
		Release|Any CPU = Release|Any CPU
	EndGlobalSection
	GlobalSection(ProjectConfigurationPlatforms) = postSolution
		{1F3078E6-4E5B-47CD-9762-A1CB1B005351}.Debug|Any CPU.ActiveCfg = Debug|Any CPU
		{1F3078E6-4E5B-47CD-9762-A1CB1B005351}.Debug|Any CPU.Build.0 = Debug|Any CPU
		{1F3078E6-4E5B-47CD-9762-A1CB1B005351}.Release|Any CPU.ActiveCfg = Release|Any CPU
		{1F3078E6-4E5B-47CD-9762-A1CB1B005351}.Release|Any CPU.Build.0 = Release|Any CPU
		{7E45EB6C-CD66-43E8-A15E-92E518BE2167}.Debug|Any CPU.ActiveCfg = Debug|Any CPU
		{7E45EB6C-CD66-43E8-A15E-92E518BE2167}.Debug|Any CPU.Build.0 = Debug|Any CPU
		{7E45EB6C-CD66-43E8-A15E-92E518BE2167}.Release|Any CPU.ActiveCfg = Release|Any CPU
		{7E45EB6C-CD66-43E8-A15E-92E518BE2167}.Release|Any CPU.Build.0 = Release|Any CPU
		{C15DE376-E530-451A-BEEA-5AF79619BC45}.Debug|Any CPU.ActiveCfg = Debug|Any CPU
		{C15DE376-E530-451A-BEEA-5AF79619BC45}.Debug|Any CPU.Build.0 = Debug|Any CPU
		{C15DE376-E530-451A-BEEA-5AF79619BC45}.Release|Any CPU.ActiveCfg = Release|Any CPU
		{C15DE376-E530-451A-BEEA-5AF79619BC45}.Release|Any CPU.Build.0 = Release|Any CPU
	EndGlobalSection
	GlobalSection(SolutionProperties) = preSolution
		HideSolutionNode = FALSE
	EndGlobalSection
	GlobalSection(ExtensibilityGlobals) = postSolution
		SolutionGuid = {AEB4AB76-7EC2-48E9-924D-6538D3592713}
	EndGlobalSection
EndGlobal
