
Microsoft Visual Studio Solution File, Format Version 12.00
# Visual Studio 15
VisualStudioVersion = 15.0.28010.2026
MinimumVisualStudioVersion = 10.0.40219.1
Project("{FAE04EC0-301F-11D3-BF4B-00C04F79EFBC}") = "P01_StudentSystem", "P01_StudentSystem\P01_StudentSystem.csproj", "{5B0ACB28-4E3C-4AFE-8116-90F8E7A15870}"
EndProject
Project("{FAE04EC0-301F-11D3-BF4B-00C04F79EFBC}") = "P01_StudentSystem.Data", "P01_StudentSystem.Data\P01_StudentSystem.Data.csproj", "{459B216C-A787-4C9B-B407-7BCC3FB22983}"
EndProject
Project("{FAE04EC0-301F-11D3-BF4B-00C04F79EFBC}") = "P01_StudentSystem.Data.Models", "P01_StudentSystem.Data.Models\P01_StudentSystem.Data.Models.csproj", "{3D819F58-E107-49AF-A834-75EF631F9076}"
EndProject
Global
	GlobalSection(SolutionConfigurationPlatforms) = preSolution
		Debug|Any CPU = Debug|Any CPU
		Release|Any CPU = Release|Any CPU
	EndGlobalSection
	GlobalSection(ProjectConfigurationPlatforms) = postSolution
		{5B0ACB28-4E3C-4AFE-8116-90F8E7A15870}.Debug|Any CPU.ActiveCfg = Debug|Any CPU
		{5B0ACB28-4E3C-4AFE-8116-90F8E7A15870}.Debug|Any CPU.Build.0 = Debug|Any CPU
		{5B0ACB28-4E3C-4AFE-8116-90F8E7A15870}.Release|Any CPU.ActiveCfg = Release|Any CPU
		{5B0ACB28-4E3C-4AFE-8116-90F8E7A15870}.Release|Any CPU.Build.0 = Release|Any CPU
		{459B216C-A787-4C9B-B407-7BCC3FB22983}.Debug|Any CPU.ActiveCfg = Debug|Any CPU
		{459B216C-A787-4C9B-B407-7BCC3FB22983}.Debug|Any CPU.Build.0 = Debug|Any CPU
		{459B216C-A787-4C9B-B407-7BCC3FB22983}.Release|Any CPU.ActiveCfg = Release|Any CPU
		{459B216C-A787-4C9B-B407-7BCC3FB22983}.Release|Any CPU.Build.0 = Release|Any CPU
		{3D819F58-E107-49AF-A834-75EF631F9076}.Debug|Any CPU.ActiveCfg = Debug|Any CPU
		{3D819F58-E107-49AF-A834-75EF631F9076}.Debug|Any CPU.Build.0 = Debug|Any CPU
		{3D819F58-E107-49AF-A834-75EF631F9076}.Release|Any CPU.ActiveCfg = Release|Any CPU
		{3D819F58-E107-49AF-A834-75EF631F9076}.Release|Any CPU.Build.0 = Release|Any CPU
	EndGlobalSection
	GlobalSection(SolutionProperties) = preSolution
		HideSolutionNode = FALSE
	EndGlobalSection
	GlobalSection(ExtensibilityGlobals) = postSolution
		SolutionGuid = {BED6195B-E3EC-4892-BE9B-97500CEFAFB7}
	EndGlobalSection
EndGlobal
